
Microsoft Visual Studio Solution File, Format Version 12.00
# Visual Studio Version 16
VisualStudioVersion = 16.0.31727.386
MinimumVisualStudioVersion = 10.0.40219.1
Project("{FAE04EC0-301F-11D3-BF4B-00C04F79EFBC}") = "ReactSample", "ReactSample.csproj", "{3E6E45EE-95DD-4F40-BE2B-672CC5F6F310}"
EndProject
Global
	GlobalSection(SolutionConfigurationPlatforms) = preSolution
		Debug|Any CPU = Debug|Any CPU
		Release|Any CPU = Release|Any CPU
	EndGlobalSection
	GlobalSection(ProjectConfigurationPlatforms) = postSolution
		{3E6E45EE-95DD-4F40-BE2B-672CC5F6F310}.Debug|Any CPU.ActiveCfg = Debug|Any CPU
		{3E6E45EE-95DD-4F40-BE2B-672CC5F6F310}.Debug|Any CPU.Build.0 = Debug|Any CPU
		{3E6E45EE-95DD-4F40-BE2B-672CC5F6F310}.Release|Any CPU.ActiveCfg = Release|Any CPU
		{3E6E45EE-95DD-4F40-BE2B-672CC5F6F310}.Release|Any CPU.Build.0 = Release|Any CPU
	EndGlobalSection
	GlobalSection(SolutionProperties) = preSolution
		HideSolutionNode = FALSE
	EndGlobalSection
	GlobalSection(ExtensibilityGlobals) = postSolution
		SolutionGuid = {BB2EE219-A63B-48A7-BF35-3FA715BCB4E4}
	EndGlobalSection
EndGlobal
